langcode: en
status: true
dependencies:
  config:
    - views.view.photo_galleries
  module:
    - system
    - views
  theme:
    - bartik
id: views_block__photo_galleries_block
theme: bartik
region: content
weight: null
provider: null
plugin: 'views_block:photo_galleries-block_1'
settings:
  id: 'views_block:photo_galleries-block_1'
  label: ''
  provider: views
  label_display: visible
  views_label: ''
  items_per_page: none
visibility:
  request_path:
    id: request_path
    pages: '<front>'
    negate: false
    context_mapping: {  }
